
Microsoft Visual Studio Solution File, Format Version 12.00
# Visual Studio Version 17
VisualStudioVersion = 17.14.36414.22 d17.14
MinimumVisualStudioVersion = 10.0.40219.1
Project("{FAE04EC0-301F-11D3-BF4B-00C04F79EFBC}") = "Spedify.Application", "Spedify.Application\Spedify.Application.csproj", "{EF3C9B8B-7AD9-40AF-8558-5F77D6196A3A}"
EndProject
Project("{FAE04EC0-301F-11D3-BF4B-00C04F79EFBC}") = "Spedify.Domain", "Spedify.Domain\Spedify.Domain.csproj", "{55806674-BC60-41E3-A14E-D1B8AE179E1C}"
EndProject
Project("{FAE04EC0-301F-11D3-BF4B-00C04F79EFBC}") = "Spedify.Infrastructure", "Spedify.Infrastructure\Spedify.Infrastructure.csproj", "{D6672C05-E200-429B-82AF-10DA60DE2CB5}"
EndProject
Global
	GlobalSection(SolutionConfigurationPlatforms) = preSolution
		Debug|Any CPU = Debug|Any CPU
		Release|Any CPU = Release|Any CPU
	EndGlobalSection
	GlobalSection(ProjectConfigurationPlatforms) = postSolution
		{EF3C9B8B-7AD9-40AF-8558-5F77D6196A3A}.Debug|Any CPU.ActiveCfg = Debug|Any CPU
		{EF3C9B8B-7AD9-40AF-8558-5F77D6196A3A}.Debug|Any CPU.Build.0 = Debug|Any CPU
		{EF3C9B8B-7AD9-40AF-8558-5F77D6196A3A}.Release|Any CPU.ActiveCfg = Release|Any CPU
		{EF3C9B8B-7AD9-40AF-8558-5F77D6196A3A}.Release|Any CPU.Build.0 = Release|Any CPU
		{55806674-BC60-41E3-A14E-D1B8AE179E1C}.Debug|Any CPU.ActiveCfg = Debug|Any CPU
		{55806674-BC60-41E3-A14E-D1B8AE179E1C}.Debug|Any CPU.Build.0 = Debug|Any CPU
		{55806674-BC60-41E3-A14E-D1B8AE179E1C}.Release|Any CPU.ActiveCfg = Release|Any CPU
		{55806674-BC60-41E3-A14E-D1B8AE179E1C}.Release|Any CPU.Build.0 = Release|Any CPU
		{D6672C05-E200-429B-82AF-10DA60DE2CB5}.Debug|Any CPU.ActiveCfg = Debug|Any CPU
		{D6672C05-E200-429B-82AF-10DA60DE2CB5}.Debug|Any CPU.Build.0 = Debug|Any CPU
		{D6672C05-E200-429B-82AF-10DA60DE2CB5}.Release|Any CPU.ActiveCfg = Release|Any CPU
		{D6672C05-E200-429B-82AF-10DA60DE2CB5}.Release|Any CPU.Build.0 = Release|Any CPU
	EndGlobalSection
	GlobalSection(SolutionProperties) = preSolution
		HideSolutionNode = FALSE
	EndGlobalSection
	GlobalSection(ExtensibilityGlobals) = postSolution
		SolutionGuid = {997E42E4-840C-42E4-BA13-209EE2E17904}
	EndGlobalSection
EndGlobal
